// !$*UTF8*$!
{
	archiveVersion = 1;
	classes = {
	};
	objectVersion = 50;
	objects = {

/* Begin PBXBuildFile section */
		222419C42148C1C100A53924 /* main.m in Sources */ = {isa = PBXBuildFile; fileRef = 222419C32148C1C100A53924 /* main.m */; };
		222419CE2148C1E900A53924 /* Shaders.metal in Sources */ = {isa = PBXBuildFile; fileRef = 222419CB2148C1E900A53924 /* Shaders.metal */; };
		222419CF2148C1E900A53924 /* Renderer.m in Sources */ = {isa = PBXBuildFile; fileRef = 222419CD2148C1E900A53924 /* Renderer.m */; };
		22B38F372149FF5F00FD6E84 /* OfflineMetalExample in CopyFiles */ = {isa = PBXBuildFile; fileRef = 222419C02148C1C100A53924 /* OfflineMetalExample */; };
/* End PBXBuildFile section */

/* Begin PBXCopyFilesBuildPhase section */
		222419BE2148C1C100A53924 /* CopyFiles */ = {
			isa = PBXCopyFilesBuildPhase;
			buildActionMask = 12;
			dstPath = "$(SRCROOT)/$(PROJECT)/$(CONFIGURATION)";
			dstSubfolderSpec = 0;
			files = (
				22B38F372149FF5F00FD6E84 /* OfflineMetalExample in CopyFiles */,
			);
			runOnlyForDeploymentPostprocessing = 0;
		};
/* End PBXCopyFilesBuildPhase section */

/* Begin PBXFileReference section */
		222419C02148C1C100A53924 /* OfflineMetalExample */ = {isa = PBXFileReference; explicitFileType = "compiled.mach-o.executable"; includeInIndex = 0; path = OfflineMetalExample; sourceTree = BUILT_PRODUCTS_DIR; };
		222419C32148C1C100A53924 /* main.m */ = {isa = PBXFileReference; lastKnownFileType = sourcecode.c.objc; path = main.m; sourceTree = "<group>"; };
		222419CA2148C1E900A53924 /* Renderer.h */ = {isa = PBXFileReference; fileEncoding = 4; lastKnownFileType = sourcecode.c.h; path = Renderer.h; sourceTree = "<group>"; };
		222419CB2148C1E900A53924 /* Shaders.metal */ = {isa = PBXFileReference; fileEncoding = 4; lastKnownFileType = sourcecode.metal; path = Shaders.metal; sourceTree = "<group>"; };
		222419CC2148C1E900A53924 /* ShaderTypes.h */ = {isa = PBXFileReference; fileEncoding = 4; lastKnownFileType = sourcecode.c.h; path = ShaderTypes.h; sourceTree = "<group>"; };
		222419CD2148C1E900A53924 /* Renderer.m */ = {isa = PBXFileReference; fileEncoding = 4; lastKnownFileType = sourcecode.c.objc; path = Renderer.m; sourceTree = "<group>"; };
/* End PBXFileReference section */

/* Begin PBXFrameworksBuildPhase section */
		222419BD2148C1C100A53924 /* Frameworks */ = {
			isa = PBXFrameworksBuildPhase;
			buildActionMask = 2147483647;
			files = (
			);
			runOnlyForDeploymentPostprocessing = 0;
		};
/* End PBXFrameworksBuildPhase section */

/* Begin PBXGroup section */
		222419B72148C1C100A53924 = {
			isa = PBXGroup;
			children = (
				222419C22148C1C100A53924 /* OfflineMetalExample */,
				222419C12148C1C100A53924 /* Products */,
			);
			sourceTree = "<group>";
		};
		222419C12148C1C100A53924 /* Products */ = {
			isa = PBXGroup;
			children = (
				222419C02148C1C100A53924 /* OfflineMetalExample */,
			);
			name = Products;
			sourceTree = "<group>";
		};
		222419C22148C1C100A53924 /* OfflineMetalExample */ = {
			isa = PBXGroup;
			children = (
				222419CA2148C1E900A53924 /* Renderer.h */,
				222419CD2148C1E900A53924 /* Renderer.m */,
				222419CB2148C1E900A53924 /* Shaders.metal */,
				222419CC2148C1E900A53924 /* ShaderTypes.h */,
				222419C32148C1C100A53924 /* main.m */,
			);
			path = OfflineMetalExample;
			sourceTree = "<group>";
		};
/* End PBXGroup section */

/* Begin PBXNativeTarget section */
		222419BF2148C1C100A53924 /* OfflineMetalExample */ = {
			isa = PBXNativeTarget;
			buildConfigurationList = 222419C72148C1C100A53924 /* Build configuration list for PBXNativeTarget "OfflineMetalExample" */;
			buildPhases = (
				222419BC2148C1C100A53924 /* Sources */,
				222419BD2148C1C100A53924 /* Frameworks */,
				222419BE2148C1C100A53924 /* CopyFiles */,
			);
			buildRules = (
			);
			dependencies = (
			);
			name = OfflineMetalExample;
			productName = OfflineMetalExample;
			productReference = 222419C02148C1C100A53924 /* OfflineMetalExample */;
			productType = "com.apple.product-type.tool";
		};
/* End PBXNativeTarget section */

/* Begin PBXProject section */
		222419B82148C1C100A53924 /* Project object */ = {
			isa = PBXProject;
			attributes = {
				LastUpgradeCheck = 0930;
				ORGANIZATIONNAME = "Toshiyuki Terashita";
				TargetAttributes = {
					222419BF2148C1C100A53924 = {
						CreatedOnToolsVersion = 9.3;
					};
				};
			};
			buildConfigurationList = 222419BB2148C1C100A53924 /* Build configuration list for PBXProject "OfflineMetalExample" */;
			compatibilityVersion = "Xcode 9.3";
			developmentRegion = en;
			hasScannedForEncodings = 0;
			knownRegions = (
				en,
			);
			mainGroup = 222419B72148C1C100A53924;
			productRefGroup = 222419C12148C1C100A53924 /* Products */;
			projectDirPath = "";
			projectRoot = "";
			targets = (
				222419BF2148C1C100A53924 /* OfflineMetalExample */,
			);
		};
/* End PBXProject section */

/* Begin PBXSourcesBuildPhase section */
		222419BC2148C1C100A53924 /* Sources */ = {
			isa = PBXSourcesBuildPhase;
			buildActionMask = 2147483647;
			files = (
				222419CE2148C1E900A53924 /* Shaders.metal in Sources */,
				222419C42148C1C100A53924 /* main.m in Sources */,
				222419CF2148C1E900A53924 /* Renderer.m in Sources */,
			);
			runOnlyForDeploymentPostprocessing = 0;
		};
/* End PBXSourcesBuildPhase section */

/* Begin XCBuildConfiguration section */
		222419C52148C1C100A53924 /* Debug */ = {
			isa = XCBuildConfiguration;
			buildSettings = {
				ALWAYS_SEARCH_USER_PATHS = NO;
				CLANG_ANALYZER_NONNULL = YES;
				CLANG_ANALYZER_NUMBER_OBJECT_CONVERSION = YES_AGGRESSIVE;
				CLANG_CXX_LANGUAGE_STANDARD = "gnu++14";
				CLANG_CXX_LIBRARY = "libc++";
				CLANG_ENABLE_MODULES = YES;
				CLANG_ENABLE_OBJC_ARC = YES;
				CLANG_ENABLE_OBJC_WEAK = YES;
				CLANG_WARN_BLOCK_CAPTURE_AUTORELEASING = YES;
				CLANG_WARN_BOOL_CONVERSION = YES;
				CLANG_WARN_COMMA = YES;
				CLANG_WARN_CONSTANT_CONVERSION = YES;
				CLANG_WARN_DEPRECATED_OBJC_IMPLEMENTATIONS = YES;
				CLANG_WARN_DIRECT_OBJC_ISA_USAGE = YES_ERROR;
				CLANG_WARN_DOCUMENTATION_COMMENTS = YES;
				CLANG_WARN_EMPTY_BODY = YES;
				CLANG_WARN_ENUM_CONVERSION = YES;
				CLANG_WARN_INFINITE_RECURSION = YES;
				CLANG_WARN_INT_CONVERSION = YES;
				CLANG_WARN_NON_LITERAL_NULL_CONVERSION = YES;
				CLANG_WARN_OBJC_IMPLICIT_RETAIN_SELF = YES;
				CLANG_WARN_OBJC_LITERAL_CONVERSION = YES;
				CLANG_WARN_OBJC_ROOT_CLASS = YES_ERROR;
				CLANG_WARN_RANGE_LOOP_ANALYSIS = YES;
				CLANG_WARN_STRICT_PROTOTYPES = YES;
				CLANG_WARN_SUSPICIOUS_MOVE = YES;
				CLANG_WARN_UNGUARDED_AVAILABILITY = YES_AGGRESSIVE;
				CLANG_WARN_UNREACHABLE_CODE = YES;
				CLANG_WARN__DUPLICATE_METHOD_MATCH = YES;
				CODE_SIGN_IDENTITY = "Mac Developer";
				COPY_PHASE_STRIP = NO;
				DEBUG_INFORMATION_FORMAT = dwarf;
				ENABLE_STRICT_OBJC_MSGSEND = YES;
				ENABLE_TESTABILITY = YES;
				GCC_C_LANGUAGE_STANDARD = gnu11;
				GCC_DYNAMIC_NO_PIC = NO;
				GCC_NO_COMMON_BLOCKS = YES;
				GCC_OPTIMIZATION_LEVEL = 0;
				GCC_PREPROCESSOR_DEFINITIONS = (
					"DEBUG=1",
					"$(inherited)",
				);
				GCC_WARN_64_TO_32_BIT_CONVERSION = YES;
				GCC_WARN_ABOUT_RETURN_TYPE = YES_ERROR;
				GCC_WARN_UNDECLARED_SELECTOR = YES;
				GCC_WARN_UNINITIALIZED_AUTOS = YES_AGGRESSIVE;
				GCC_WARN_UNUSED_FUNCTION = YES;
				GCC_WARN_UNUSED_VARIABLE = YES;
				MACOSX_DEPLOYMENT_TARGET = 10.13;
				MTL_ENABLE_DEBUG_INFO = YES;
				ONLY_ACTIVE_ARCH = YES;
				SDKROOT = macosx;
			};
			name = Debug;
		};
		222419C62148C1C100A53924 /* Release */ = {
			isa = XCBuildConfiguration;
			buildSettings = {
				ALWAYS_SEARCH_USER_PATHS = NO;
				CLANG_ANALYZER_NONNULL = YES;
				CLANG_ANALYZER_NUMBER_OBJECT_CONVERSION = YES_AGGRESSIVE;
				CLANG_CXX_LANGUAGE_STANDARD = "gnu++14";
				CLANG_CXX_LIBRARY = "libc++";
				CLANG_ENABLE_MODULES = YES;
				CLANG_ENABLE_OBJC_ARC = YES;
				CLANG_ENABLE_OBJC_WEAK = YES;
				CLANG_WARN_BLOCK_CAPTURE_AUTORELEASING = YES;
				CLANG_WARN_BOOL_CONVERSION = YES;
				CLANG_WARN_COMMA = YES;
				CLANG_WARN_CONSTANT_CONVERSION = YES;
				CLANG_WARN_DEPRECATED_OBJC_IMPLEMENTATIONS = YES;
				CLANG_WARN_DIRECT_OBJC_ISA_USAGE = YES_ERROR;
				CLANG_WARN_DOCUMENTATION_COMMENTS = YES;
				CLANG_WARN_EMPTY_BODY = YES;
				CLANG_WARN_ENUM_CONVERSION = YES;
				CLANG_WARN_INFINITE_RECURSION = YES;
				CLANG_WARN_INT_CONVERSION = YES;
				CLANG_WARN_NON_LITERAL_NULL_CONVERSION = YES;
				CLANG_WARN_OBJC_IMPLICIT_RETAIN_SELF = YES;
				CLANG_WARN_OBJC_LITERAL_CONVERSION = YES;
				CLANG_WARN_OBJC_ROOT_CLASS = YES_ERROR;
				CLANG_WARN_RANGE_LOOP_ANALYSIS = YES;
				CLANG_WARN_STRICT_PROTOTYPES = YES;
				CLANG_WARN_SUSPICIOUS_MOVE = YES;
				CLANG_WARN_UNGUARDED_AVAILABILITY = YES_AGGRESSIVE;
				CLANG_WARN_UNREACHABLE_CODE = YES;
				CLANG_WARN__DUPLICATE_METHOD_MATCH = YES;
				CODE_SIGN_IDENTITY = "Mac Developer";
				COPY_PHASE_STRIP = NO;
				DEBUG_INFORMATION_FORMAT = "dwarf-with-dsym";
				ENABLE_NS_ASSERTIONS = NO;
				ENABLE_STRICT_OBJC_MSGSEND = YES;
				GCC_C_LANGUAGE_STANDARD = gnu11;
				GCC_NO_COMMON_BLOCKS = YES;
				GCC_WARN_64_TO_32_BIT_CONVERSION = YES;
				GCC_WARN_ABOUT_RETURN_TYPE = YES_ERROR;
				GCC_WARN_UNDECLARED_SELECTOR = YES;
				GCC_WARN_UNINITIALIZED_AUTOS = YES_AGGRESSIVE;
				GCC_WARN_UNUSED_FUNCTION = YES;
				GCC_WARN_UNUSED_VARIABLE = YES;
				MACOSX_DEPLOYMENT_TARGET = 10.13;
				MTL_ENABLE_DEBUG_INFO = NO;
				SDKROOT = macosx;
			};
			name = Release;
		};
		222419C82148C1C100A53924 /* Debug */ = {
			isa = XCBuildConfiguration;
			buildSettings = {
				CODE_SIGN_STYLE = Automatic;
				DEVELOPMENT_TEAM = E6M9PFC2G9;
				PRODUCT_NAME = "$(TARGET_NAME)";
			};
			name = Debug;
		};
		222419C92148C1C100A53924 /* Release */ = {
			isa = XCBuildConfiguration;
			buildSettings = {
				CODE_SIGN_STYLE = Automatic;
				DEVELOPMENT_TEAM = E6M9PFC2G9;
				PRODUCT_NAME = "$(TARGET_NAME)";
			};
			name = Release;
		};
/* End XCBuildConfiguration section */

/* Begin XCConfigurationList section */
		222419BB2148C1C100A53924 /* Build configuration list for PBXProject "OfflineMetalExample" */ = {
			isa = XCConfigurationList;
			buildConfigurations = (
				222419C52148C1C100A53924 /* Debug */,
				222419C62148C1C100A53924 /* Release */,
			);
			defaultConfigurationIsVisible = 0;
			defaultConfigurationName = Release;
		};
		222419C72148C1C100A53924 /* Build configuration list for PBXNativeTarget "OfflineMetalExample" */ = {
			isa = XCConfigurationList;
			buildConfigurations = (
				222419C82148C1C100A53924 /* Debug */,
				222419C92148C1C100A53924 /* Release */,
			);
			defaultConfigurationIsVisible = 0;
			defaultConfigurationName = Release;
		};
/* End XCConfigurationList section */
	};
	rootObject = 222419B82148C1C100A53924 /* Project object */;
}
